
Microsoft Visual Studio Solution File, Format Version 12.00
# Visual Studio Version 17
VisualStudioVersion = 17.4.33205.214
MinimumVisualStudioVersion = 10.0.40219.1
Project("{8BC9CEB8-8B4A-11D0-8D11-00A0C91BC942}") = "Mineglyph", "Mineglyph.vcxproj", "{228EA30F-F358-4597-910A-C4D56F5E59F2}"
EndProject
Global
	GlobalSection(SolutionConfigurationPlatforms) = preSolution
		Debug|x64 = Debug|x64
		Release|x64 = Release|x64
	EndGlobalSection
	GlobalSection(ProjectConfigurationPlatforms) = postSolution
		{228EA30F-F358-4597-910A-C4D56F5E59F2}.Debug|x64.ActiveCfg = Release|x64
		{228EA30F-F358-4597-910A-C4D56F5E59F2}.Release|x64.ActiveCfg = Release|x64
	EndGlobalSection
	GlobalSection(SolutionProperties) = preSolution
		HideSolutionNode = FALSE
	EndGlobalSection
	GlobalSection(ExtensibilityGlobals) = postSolution
		SolutionGuid = {D793E947-53DB-4D8E-B5F9-E56A3951D880}
	EndGlobalSection
EndGlobal
